
Microsoft Visual Studio Solution File, Format Version 12.00
# Visual Studio 15
VisualStudioVersion = 15.0.28307.1525
MinimumVisualStudioVersion = 10.0.40219.1
Project("{8BC9CEB8-8B4A-11D0-8D11-00A0C91BC942}") = "testVS", "testVS\testVS.vcxproj", "{2F51DEB6-A1B9-424E-9CA1-0B2C07BD436D}"
EndProject
Global
	GlobalSection(SolutionConfigurationPlatforms) = preSolution
		Debug|x64 = Debug|x64
		Debug|x86 = Debug|x86
		Release|x64 = Release|x64
		Release|x86 = Release|x86
	EndGlobalSection
	GlobalSection(ProjectConfigurationPlatforms) = postSolution
		{2F51DEB6-A1B9-424E-9CA1-0B2C07BD436D}.Debug|x64.ActiveCfg = Debug|x64
		{2F51DEB6-A1B9-424E-9CA1-0B2C07BD436D}.Debug|x64.Build.0 = Debug|x64
		{2F51DEB6-A1B9-424E-9CA1-0B2C07BD436D}.Debug|x86.ActiveCfg = Debug|Win32
		{2F51DEB6-A1B9-424E-9CA1-0B2C07BD436D}.Debug|x86.Build.0 = Debug|Win32
		{2F51DEB6-A1B9-424E-9CA1-0B2C07BD436D}.Release|x64.ActiveCfg = Release|x64
		{2F51DEB6-A1B9-424E-9CA1-0B2C07BD436D}.Release|x64.Build.0 = Release|x64
		{2F51DEB6-A1B9-424E-9CA1-0B2C07BD436D}.Release|x86.ActiveCfg = Release|Win32
		{2F51DEB6-A1B9-424E-9CA1-0B2C07BD436D}.Release|x86.Build.0 = Release|Win32
	EndGlobalSection
	GlobalSection(SolutionProperties) = preSolution
		HideSolutionNode = FALSE
	EndGlobalSection
	GlobalSection(ExtensibilityGlobals) = postSolution
		SolutionGuid = {024940CB-3D0B-48BB-A7A6-550FAC9B12C3}
	EndGlobalSection
EndGlobal
